[[package]]
name = "asgiref"
version = "3.5.0"
description = "ASGI specs, helper code, and adapters"
category = "main"
optional = false
python-versions = ">=3.7"

[package.extras]
tests = ["pytest", "pytest-asyncio", "mypy (>=0.800)"]

[[package]]
name = "dj-database-url"
version = "0.5.0"
description = "Use Database URLs in your Django Application."
category = "main"
optional = false
python-versions = "*"

[[package]]
name = "django"
version = "4.0.3"
description = "A high-level Python web framework that encourages rapid development and clean, pragmatic design."
category = "main"
optional = false
python-versions = ">=3.8"

[package.dependencies]
asgiref = ">=3.4.1,<4"
sqlparse = ">=0.2.2"
tzdata = {version = "*", markers = "sys_platform == \"win32\""}

[package.extras]
argon2 = ["argon2-cffi (>=19.1.0)"]
bcrypt = ["bcrypt"]

[[package]]
name = "django-heroku"
version = "0.3.1"
description = "This is a Django library for Heroku apps."
category = "main"
optional = false
python-versions = "*"

[package.dependencies]
dj-database-url = ">=0.5.0"
django = "*"
psycopg2 = "*"
whitenoise = "*"

[[package]]
name = "flake9"
version = "3.8.3.post2"
description = "the modular source code checker: pep8 pyflakes and co"
category = "dev"
optional = false
python-versions = ">=3.4"

[package.dependencies]
mccabe = ">=0.6.0,<0.7.0"
pycodestyle = ">=2.6.0a1,<2.7.0"
pyflakes = ">=2.2.0,<2.3.0"

[[package]]
name = "gunicorn"
version = "20.1.0"
description = "WSGI HTTP Server for UNIX"
category = "main"
optional = false
python-versions = ">=3.5"

[package.extras]
eventlet = ["eventlet (>=0.24.1)"]
gevent = ["gevent (>=1.4.0)"]
setproctitle = ["setproctitle"]
tornado = ["tornado (>=0.2)"]

[[package]]
name = "mccabe"
version = "0.6.1"
description = "McCabe checker, plugin for flake8"
category = "dev"
optional = false
python-versions = "*"

[[package]]
name = "pillow"
version = "9.0.1"
description = "Python Imaging Library (Fork)"
category = "main"
optional = false
python-versions = ">=3.7"

[[package]]
name = "psycopg2"
version = "2.9.3"
description = "psycopg2 - Python-PostgreSQL Database Adapter"
category = "main"
optional = false
python-versions = ">=3.6"

[[package]]
name = "pycodestyle"
version = "2.6.0"
description = "Python style guide checker"
category = "dev"
optional = false
python-versions = ">=2.7, !=3.0.*, !=3.1.*, !=3.2.*, !=3.3.*"

[[package]]
name = "pyflakes"
version = "2.2.0"
description = "passive checker of Python programs"
category = "dev"
optional = false
python-versions = ">=2.7, !=3.0.*, !=3.1.*, !=3.2.*, !=3.3.*"

[[package]]
name = "reportlab"
version = "3.6.8"
description = "The Reportlab Toolkit"
category = "main"
optional = false
python-versions = ">=3.6, <4"

[package.dependencies]
pillow = ">=4.0.0"

[package.extras]
rlpycairo = ["rlPyCairo (>=0.0.5)"]

[[package]]
name = "sqlparse"
version = "0.4.2"
description = "A non-validating SQL parser."
category = "main"
optional = false
python-versions = ">=3.5"

[[package]]
name = "tzdata"
version = "2022.1"
description = "Provider of IANA time zone data"
category = "main"
optional = false
python-versions = ">=2"

[[package]]
name = "whitenoise"
version = "6.0.0"
description = "Radically simplified static file serving for WSGI applications"
category = "main"
optional = false
python-versions = ">=3.7"

[package.extras]
brotli = ["brotli"]

[metadata]
lock-version = "1.1"
python-versions = "3.9.9"
content-hash = "385b8ec24f0e32ffae1d3f8c237cc0240f491cb329c6c7fa47a691ab0d4201a4"

[metadata.files]
asgiref = [
    {file = "asgiref-3.5.0-py3-none-any.whl", hash = "sha256:88d59c13d634dcffe0510be048210188edd79aeccb6a6c9028cdad6f31d730a9"},
    {file = "asgiref-3.5.0.tar.gz", hash = "sha256:2f8abc20f7248433085eda803936d98992f1343ddb022065779f37c5da0181d0"},
]
dj-database-url = [
    {file = "dj-database-url-0.5.0.tar.gz", hash = "sha256:4aeaeb1f573c74835b0686a2b46b85990571159ffc21aa57ecd4d1e1cb334163"},
    {file = "dj_database_url-0.5.0-py2.py3-none-any.whl", hash = "sha256:851785365761ebe4994a921b433062309eb882fedd318e1b0fcecc607ed02da9"},
]
django = [
    {file = "Django-4.0.3-py3-none-any.whl", hash = "sha256:1239218849e922033a35d2a2f777cb8bee18bd725416744074f455f34ff50d0c"},
    {file = "Django-4.0.3.tar.gz", hash = "sha256:77ff2e7050e3324c9b67e29b6707754566f58514112a9ac73310f60cd5261930"},
]
django-heroku = [
    {file = "django-heroku-0.3.1.tar.gz", hash = "sha256:6af4bc3ae4a9b55eaad6dbe5164918982d2762661aebc9f83d9fa49f6009514e"},
    {file = "django_heroku-0.3.1-py2.py3-none-any.whl", hash = "sha256:2bc690aab89eedbe01311752320a9a12e7548e3b0ed102681acc5736a41a4762"},
]
flake9 = [
    {file = "flake9-3.8.3.post2-py3-none-any.whl", hash = "sha256:47dced969a802a8892740bcaa35ae07232709b2ade803c45f48dd03ccb7f825f"},
    {file = "flake9-3.8.3.post2.tar.gz", hash = "sha256:daefdbfb3d320eb215a4a52c62a4b4a027cbe11d39f5dab30df908b40fce5ba7"},
]
gunicorn = [
    {file = "gunicorn-20.1.0-py3-none-any.whl", hash = "sha256:9dcc4547dbb1cb284accfb15ab5667a0e5d1881cc443e0677b4882a4067a807e"},
    {file = "gunicorn-20.1.0.tar.gz", hash = "sha256:e0a968b5ba15f8a328fdfd7ab1fcb5af4470c28aaf7e55df02a99bc13138e6e8"},
]
mccabe = [
    {file = "mccabe-0.6.1-py2.py3-none-any.whl", hash = "sha256:ab8a6258860da4b6677da4bd2fe5dc2c659cff31b3ee4f7f5d64e79735b80d42"},
    {file = "mccabe-0.6.1.tar.gz", hash = "sha256:dd8d182285a0fe56bace7f45b5e7d1a6ebcbf524e8f3bd87eb0f125271b8831f"},
]
pillow = [
    {file = "Pillow-9.0.1-1-cp310-cp310-macosx_11_0_arm64.whl", hash = "sha256:a5d24e1d674dd9d72c66ad3ea9131322819ff86250b30dc5821cbafcfa0b96b4"},
    {file = "Pillow-9.0.1-1-cp38-cp38-macosx_11_0_arm64.whl", hash = "sha256:2632d0f846b7c7600edf53c48f8f9f1e13e62f66a6dbc15191029d950bfed976"},
    {file = "Pillow-9.0.1-1-cp39-cp39-macosx_11_0_arm64.whl", hash = "sha256:b9618823bd237c0d2575283f2939655f54d51b4527ec3972907a927acbcc5bfc"},
    {file = "Pillow-9.0.1-cp310-cp310-macosx_10_10_universal2.whl", hash = "sha256:9bfdb82cdfeccec50aad441afc332faf8606dfa5e8efd18a6692b5d6e79f00fd"},
    {file = "Pillow-9.0.1-cp310-cp310-macosx_11_0_arm64.whl", hash = "sha256:5100b45a4638e3c00e4d2320d3193bdabb2d75e79793af7c3eb139e4f569f16f"},
    {file = "Pillow-9.0.1-cp310-cp310-manylinux_2_17_aarch64.manylinux2014_aarch64.whl", hash = "sha256:528a2a692c65dd5cafc130de286030af251d2ee0483a5bf50c9348aefe834e8a"},
    {file = "Pillow-9.0.1-cp310-cp310-manylinux_2_17_i686.manylinux2014_i686.whl", hash = "sha256:0f29d831e2151e0b7b39981756d201f7108d3d215896212ffe2e992d06bfe049"},
    {file = "Pillow-9.0.1-cp310-cp310-manylinux_2_17_x86_64.manylinux2014_x86_64.whl", hash = "sha256:855c583f268edde09474b081e3ddcd5cf3b20c12f26e0d434e1386cc5d318e7a"},
    {file = "Pillow-9.0.1-cp310-cp310-win32.whl", hash = "sha256:d9d7942b624b04b895cb95af03a23407f17646815495ce4547f0e60e0b06f58e"},
    {file = "Pillow-9.0.1-cp310-cp310-win_amd64.whl", hash = "sha256:81c4b81611e3a3cb30e59b0cf05b888c675f97e3adb2c8672c3154047980726b"},
    {file = "Pillow-9.0.1-cp37-cp37m-macosx_10_10_x86_64.whl", hash = "sha256:413ce0bbf9fc6278b2d63309dfeefe452835e1c78398efb431bab0672fe9274e"},
    {file = "Pillow-9.0.1-cp37-cp37m-manylinux_2_17_aarch64.manylinux2014_aarch64.whl", hash = "sha256:80fe64a6deb6fcfdf7b8386f2cf216d329be6f2781f7d90304351811fb591360"},
    {file = "Pillow-9.0.1-cp37-cp37m-manylinux_2_17_i686.manylinux2014_i686.whl", hash = "sha256:cef9c85ccbe9bee00909758936ea841ef12035296c748aaceee535969e27d31b"},
    {file = "Pillow-9.0.1-cp37-cp37m-manylinux_2_17_x86_64.manylinux2014_x86_64.whl", hash = "sha256:1d19397351f73a88904ad1aee421e800fe4bbcd1aeee6435fb62d0a05ccd1030"},
    {file = "Pillow-9.0.1-cp37-cp37m-win32.whl", hash = "sha256:d21237d0cd37acded35154e29aec853e945950321dd2ffd1a7d86fe686814669"},
    {file = "Pillow-9.0.1-cp37-cp37m-win_amd64.whl", hash = "sha256:ede5af4a2702444a832a800b8eb7f0a7a1c0eed55b644642e049c98d589e5092"},
    {file = "Pillow-9.0.1-cp38-cp38-macosx_10_10_x86_64.whl", hash = "sha256:b5b3f092fe345c03bca1e0b687dfbb39364b21ebb8ba90e3fa707374b7915204"},
    {file = "Pillow-9.0.1-cp38-cp38-macosx_11_0_arm64.whl", hash = "sha256:335ace1a22325395c4ea88e00ba3dc89ca029bd66bd5a3c382d53e44f0ccd77e"},
    {file = "Pillow-9.0.1-cp38-cp38-manylinux_2_17_aarch64.manylinux2014_aarch64.whl", hash = "sha256:db6d9fac65bd08cea7f3540b899977c6dee9edad959fa4eaf305940d9cbd861c"},
    {file = "Pillow-9.0.1-cp38-cp38-manylinux_2_17_i686.manylinux2014_i686.whl", hash = "sha256:f154d173286a5d1863637a7dcd8c3437bb557520b01bddb0be0258dcb72696b5"},
    {file = "Pillow-9.0.1-cp38-cp38-manylinux_2_17_x86_64.manylinux2014_x86_64.whl", hash = "sha256:14d4b1341ac07ae07eb2cc682f459bec932a380c3b122f5540432d8977e64eae"},
    {file = "Pillow-9.0.1-cp38-cp38-win32.whl", hash = "sha256:effb7749713d5317478bb3acb3f81d9d7c7f86726d41c1facca068a04cf5bb4c"},
    {file = "Pillow-9.0.1-cp38-cp38-win_amd64.whl", hash = "sha256:7f7609a718b177bf171ac93cea9fd2ddc0e03e84d8fa4e887bdfc39671d46b00"},
    {file = "Pillow-9.0.1-cp39-cp39-macosx_10_10_x86_64.whl", hash = "sha256:80ca33961ced9c63358056bd08403ff866512038883e74f3a4bf88ad3eb66838"},
    {file = "Pillow-9.0.1-cp39-cp39-macosx_11_0_arm64.whl", hash = "sha256:1c3c33ac69cf059bbb9d1a71eeaba76781b450bc307e2291f8a4764d779a6b28"},
    {file = "Pillow-9.0.1-cp39-cp39-manylinux_2_17_aarch64.manylinux2014_aarch64.whl", hash = "sha256:12875d118f21cf35604176872447cdb57b07126750a33748bac15e77f90f1f9c"},
    {file = "Pillow-9.0.1-cp39-cp39-manylinux_2_17_i686.manylinux2014_i686.whl", hash = "sha256:514ceac913076feefbeaf89771fd6febde78b0c4c1b23aaeab082c41c694e81b"},
    {file = "Pillow-9.0.1-cp39-cp39-manylinux_2_17_x86_64.manylinux2014_x86_64.whl", hash = "sha256:d3c5c79ab7dfce6d88f1ba639b77e77a17ea33a01b07b99840d6ed08031cb2a7"},
    {file = "Pillow-9.0.1-cp39-cp39-win32.whl", hash = "sha256:718856856ba31f14f13ba885ff13874be7fefc53984d2832458f12c38205f7f7"},
    {file = "Pillow-9.0.1-cp39-cp39-win_amd64.whl", hash = "sha256:f25ed6e28ddf50de7e7ea99d7a976d6a9c415f03adcaac9c41ff6ff41b6d86ac"},
    {file = "Pillow-9.0.1-pp37-pypy37_pp73-macosx_10_10_x86_64.whl", hash = "sha256:011233e0c42a4a7836498e98c1acf5e744c96a67dd5032a6f666cc1fb97eab97"},
    {file = "Pillow-9.0.1-pp37-pypy37_pp73-manylinux_2_17_i686.manylinux2014_i686.whl", hash = "sha256:253e8a302a96df6927310a9d44e6103055e8fb96a6822f8b7f514bb7ef77de56"},
    {file = "Pillow-9.0.1-pp37-pypy37_pp73-manylinux_2_17_x86_64.manylinux2014_x86_64.whl", hash = "sha256:6295f6763749b89c994fcb6d8a7f7ce03c3992e695f89f00b741b4580b199b7e"},
    {file = "Pillow-9.0.1-pp38-pypy38_pp73-win_amd64.whl", hash = "sha256:a9f44cd7e162ac6191491d7249cceb02b8116b0f7e847ee33f739d7cb1ea1f70"},
    {file = "Pillow-9.0.1.tar.gz", hash = "sha256:6c8bc8238a7dfdaf7a75f5ec5a663f4173f8c367e5a39f87e720495e1eed75fa"},
]
psycopg2 = [
    {file = "psycopg2-2.9.3-cp310-cp310-win32.whl", hash = "sha256:083707a696e5e1c330af2508d8fab36f9700b26621ccbcb538abe22e15485362"},
    {file = "psycopg2-2.9.3-cp310-cp310-win_amd64.whl", hash = "sha256:d3ca6421b942f60c008f81a3541e8faf6865a28d5a9b48544b0ee4f40cac7fca"},
    {file = "psycopg2-2.9.3-cp36-cp36m-win32.whl", hash = "sha256:9572e08b50aed176ef6d66f15a21d823bb6f6d23152d35e8451d7d2d18fdac56"},
    {file = "psycopg2-2.9.3-cp36-cp36m-win_amd64.whl", hash = "sha256:a81e3866f99382dfe8c15a151f1ca5fde5815fde879348fe5a9884a7c092a305"},
    {file = "psycopg2-2.9.3-cp37-cp37m-win32.whl", hash = "sha256:cb10d44e6694d763fa1078a26f7f6137d69f555a78ec85dc2ef716c37447e4b2"},
    {file = "psycopg2-2.9.3-cp37-cp37m-win_amd64.whl", hash = "sha256:4295093a6ae3434d33ec6baab4ca5512a5082cc43c0505293087b8a46d108461"},
    {file = "psycopg2-2.9.3-cp38-cp38-win32.whl", hash = "sha256:34b33e0162cfcaad151f249c2649fd1030010c16f4bbc40a604c1cb77173dcf7"},
    {file = "psycopg2-2.9.3-cp38-cp38-win_amd64.whl", hash = "sha256:0762c27d018edbcb2d34d51596e4346c983bd27c330218c56c4dc25ef7e819bf"},
    {file = "psycopg2-2.9.3-cp39-cp39-win32.whl", hash = "sha256:8cf3878353cc04b053822896bc4922b194792df9df2f1ad8da01fb3043602126"},
    {file = "psycopg2-2.9.3-cp39-cp39-win_amd64.whl", hash = "sha256:06f32425949bd5fe8f625c49f17ebb9784e1e4fe928b7cce72edc36fb68e4c0c"},
    {file = "psycopg2-2.9.3.tar.gz", hash = "sha256:8e841d1bf3434da985cc5ef13e6f75c8981ced601fd70cc6bf33351b91562981"},
]
pycodestyle = [
    {file = "pycodestyle-2.6.0-py2.py3-none-any.whl", hash = "sha256:2295e7b2f6b5bd100585ebcb1f616591b652db8a741695b3d8f5d28bdc934367"},
    {file = "pycodestyle-2.6.0.tar.gz", hash = "sha256:c58a7d2815e0e8d7972bf1803331fb0152f867bd89adf8a01dfd55085434192e"},
]
pyflakes = [
    {file = "pyflakes-2.2.0-py2.py3-none-any.whl", hash = "sha256:0d94e0e05a19e57a99444b6ddcf9a6eb2e5c68d3ca1e98e90707af8152c90a92"},
    {file = "pyflakes-2.2.0.tar.gz", hash = "sha256:35b2d75ee967ea93b55750aa9edbbf72813e06a66ba54438df2cfac9e3c27fc8"},
]
reportlab = [
    {file = "reportlab-3.6.8-cp310-cp310-macosx_10_9_x86_64.whl", hash = "sha256:02a67c8caaf669c63f0c410525137b162d2ade43b43e10bf1ac19b1919f6aa95"},
    {file = "reportlab-3.6.8-cp310-cp310-macosx_11_0_arm64.whl", hash = "sha256:5da9b84b645e7e7b8f4a219e4d3b5bfce771d0e11f34f861bde4ef5c4b4fc4e6"},
    {file = "reportlab-3.6.8-cp310-cp310-manylinux_2_17_aarch64.manylinux2014_aarch64.whl", hash = "sha256:244b17fc544d0cd41f61648b247fa2fa8c4e1d47602f5fd6ff4ddd7b29f35642"},
    {file = "reportlab-3.6.8-cp310-cp310-manylinux_2_17_i686.manylinux2014_i686.whl", hash = "sha256:cd0f0cd614a6fdc3b5a76351e9462956fd4d9b62b0e3ca5e7767259768905818"},
    {file = "reportlab-3.6.8-cp310-cp310-manylinux_2_17_ppc64le.manylinux2014_ppc64le.whl", hash = "sha256:6566fa308633661ec9053ce4dcd145fb10b6f9cc0cf7aa2fee84e9e8f2c77d2d"},
    {file = "reportlab-3.6.8-cp310-cp310-manylinux_2_17_s390x.manylinux2014_s390x.whl", hash = "sha256:76257019f254b655b95e88df7ebd1c39ac90543987e968f6e5bdf91797d012f3"},
    {file = "reportlab-3.6.8-cp310-cp310-manylinux_2_17_x86_64.manylinux2014_x86_64.whl", hash = "sha256:31ebc2997c1e57df0cc6a55a83c63e629c8420482bf994e0665e289c4b603c63"},
    {file = "reportlab-3.6.8-cp310-cp310-win32.whl", hash = "sha256:068000debb926a4dec6442de6e1fff831f5a6cecfe830d715926c82d8f4eeb0b"},
    {file = "reportlab-3.6.8-cp310-cp310-win_amd64.whl", hash = "sha256:3842f9e815924f9880e4a127afd9b22607f701b352513880b9dd6bcf3a651bb4"},
    {file = "reportlab-3.6.8-cp37-cp37m-macosx_10_9_x86_64.whl", hash = "sha256:a9218f499ac42133090f16e33a622eff69248753b5c6738c0ee7b916fa084752"},
    {file = "reportlab-3.6.8-cp37-cp37m-manylinux_2_17_aarch64.manylinux2014_aarch64.whl", hash = "sha256:1aad24ddfdfcd89f2db7cd10298de55a6e3a6dfc482b2aabf98880986c550fcc"},
    {file = "reportlab-3.6.8-cp37-cp37m-manylinux_2_17_i686.manylinux2014_i686.whl", hash = "sha256:088359b44b418be27b8fb38dd733ac6c3dd611fad10e6dbba3876027ef216e58"},
    {file = "reportlab-3.6.8-cp37-cp37m-manylinux_2_17_ppc64le.manylinux2014_ppc64le.whl", hash = "sha256:25ca368637467d617cd73fd5e68b31f3ceed2db42a175b76951e32bc97345ed7"},
    {file = "reportlab-3.6.8-cp37-cp37m-manylinux_2_17_s390x.manylinux2014_s390x.whl", hash = "sha256:603e9980f99cdf1a3325a49c092ad0847e3fe032aa59d9f69421f81b4e2199de"},
    {file = "reportlab-3.6.8-cp37-cp37m-manylinux_2_17_x86_64.manylinux2014_x86_64.whl", hash = "sha256:53ec9fbd6e0c5ac9ee3f349700af8f1bb886878c802086b4d9d0b981def239a9"},
    {file = "reportlab-3.6.8-cp37-cp37m-win32.whl", hash = "sha256:60bf28718e50f6d28b3e784c64b29bf73477773537ed7b4177aa90e4a54c2323"},
    {file = "reportlab-3.6.8-cp37-cp37m-win_amd64.whl", hash = "sha256:71617eac54a207ae24e6ac78feee02aca61d5954844ada786c186748c9517565"},
    {file = "reportlab-3.6.8-cp38-cp38-macosx_10_9_x86_64.whl", hash = "sha256:b4efd9b1b9bcc95e41e80130be00e89b1ea56b816a362d5f2eb2f141df624ad9"},
    {file = "reportlab-3.6.8-cp38-cp38-macosx_11_0_arm64.whl", hash = "sha256:12d9582d9a6cd18bf3f61b355c13261baeb22bc0e994f385750eae9d89ce6846"},
    {file = "reportlab-3.6.8-cp38-cp38-manylinux_2_17_aarch64.manylinux2014_aarch64.whl", hash = "sha256:1c32ed1c42bbce03faa02e33d1949cc2ca5eda42c52267cacce28f69cb087663"},
    {file = "reportlab-3.6.8-cp38-cp38-manylinux_2_17_i686.manylinux2014_i686.whl", hash = "sha256:7c730dc5421b1b39cbaa39098ef9c7a79f216ab479718eb27bbd0fc3947ddea0"},
    {file = "reportlab-3.6.8-cp38-cp38-manylinux_2_17_ppc64le.manylinux2014_ppc64le.whl", hash = "sha256:1be429316812a4c3aacfbee0ef9a84def4a3a0cba37d6c9155563ff8a8a04c8b"},
    {file = "reportlab-3.6.8-cp38-cp38-manylinux_2_17_s390x.manylinux2014_s390x.whl", hash = "sha256:9aa2a746bfbd7878af74d22ed3c2cfc7b920dedf47d943146a20a6e196ab4fcd"},
    {file = "reportlab-3.6.8-cp38-cp38-manylinux_2_17_x86_64.manylinux2014_x86_64.whl", hash = "sha256:b41ed7754de6d1702065c53e5e6f266571eca4139f875bc127849d9c8238a704"},
    {file = "reportlab-3.6.8-cp38-cp38-win32.whl", hash = "sha256:6415f16e64c0179ecb2f6231e3433014c5c837ce589661aa8b954944764a8d31"},
    {file = "reportlab-3.6.8-cp38-cp38-win_amd64.whl", hash = "sha256:a12dd3ddc2950adbe47d874fd0b675f67d724600eb96da8ab72dc37f9d4d71b2"},
    {file = "reportlab-3.6.8-cp39-cp39-macosx_10_9_x86_64.whl", hash = "sha256:1cc100be35dba31ee6865de26d460ade8a4aef451b90c0ec2cc6b7cc5f293440"},
    {file = "reportlab-3.6.8-cp39-cp39-macosx_11_0_arm64.whl", hash = "sha256:05627acc324ce213c79fbbcc012d0a576bef8bc540fe0a875a6491c78612b6f4"},
    {file = "reportlab-3.6.8-cp39-cp39-manylinux_2_17_aarch64.manylinux2014_aarch64.whl", hash = "sha256:03f2612f2213b78e31a2f1d580881eca89267874ae61e432a33f64df50f590a7"},
    {file = "reportlab-3.6.8-cp39-cp39-manylinux_2_17_i686.manylinux2014_i686.whl", hash = "sha256:9b2b28fe14de1124c310cc349dcb71bb3018ffa11d9eeb4ed7e8acd2570fb8b0"},
    {file = "reportlab-3.6.8-cp39-cp39-manylinux_2_17_ppc64le.manylinux2014_ppc64le.whl", hash = "sha256:a8d071c30166deb03c4f99af1d8f48355f8acbe4d05b7b5c3a616a41b2bae3ad"},
    {file = "reportlab-3.6.8-cp39-cp39-manylinux_2_17_s390x.manylinux2014_s390x.whl", hash = "sha256:fdfc56c20b77f0a8ddcdfd13e4dec916dc9c8f1dc59c27611fa7d69e2cfb9a4a"},
    {file = "reportlab-3.6.8-cp39-cp39-manylinux_2_17_x86_64.manylinux2014_x86_64.whl", hash = "sha256:0aabf425f215dc297052194166f951e940c077271d0133bfdd3a08bb56022d6c"},
    {file = "reportlab-3.6.8-cp39-cp39-win32.whl", hash = "sha256:662ee549793e9b38ecb5dae2521352ff73f05c2816665327835a3a12abe36edc"},
    {file = "reportlab-3.6.8-cp39-cp39-win_amd64.whl", hash = "sha256:1c51729484e0e1784812746c84c8c97215b95b02ba75057bb5dbe4f206a93c64"},
    {file = "reportlab-3.6.8.tar.gz", hash = "sha256:dc7657fcb0bc3e485c3c869a44dddb52d711356a01a456664b7bef827222c982"},
]
sqlparse = [
    {file = "sqlparse-0.4.2-py3-none-any.whl", hash = "sha256:48719e356bb8b42991bdbb1e8b83223757b93789c00910a616a071910ca4a64d"},
    {file = "sqlparse-0.4.2.tar.gz", hash = "sha256:0c00730c74263a94e5a9919ade150dfc3b19c574389985446148402998287dae"},
]
tzdata = [
    {file = "tzdata-2022.1-py2.py3-none-any.whl", hash = "sha256:238e70234214138ed7b4e8a0fab0e5e13872edab3be586ab8198c407620e2ab9"},
    {file = "tzdata-2022.1.tar.gz", hash = "sha256:8b536a8ec63dc0751342b3984193a3118f8fca2afe25752bb9b7fffd398552d3"},
]
whitenoise = [
    {file = "whitenoise-6.0.0-py3-none-any.whl", hash = "sha256:5a4aff543ee860fbe40d743e556adf92ccd41b7df45697cae074afdf657056b9"},
    {file = "whitenoise-6.0.0.tar.gz", hash = "sha256:08c42bc535f9777eea1a599289d9433f081921f97887eaf6f559446b2a080374"},
]
